
Microsoft Visual Studio Solution File, Format Version 12.00
# Visual Studio 15
VisualStudioVersion = 15.0.28307.779
MinimumVisualStudioVersion = 10.0.40219.1
Project("{9A19103F-16F7-4668-BE54-9A1E7A4F7556}") = "mConstruct", "mConstruct\mConstruct.csproj", "{FA963826-EE15-4ED4-9B80-1B342732B299}"
EndProject
Project("{9A19103F-16F7-4668-BE54-9A1E7A4F7556}") = "mConstructServer", "mConstructServer\mConstructServer.csproj", "{3F2E0B81-BC2B-4719-B715-4C0C6ACEAE28}"
EndProject
Project("{9A19103F-16F7-4668-BE54-9A1E7A4F7556}") = "mConstructClient", "mConstructClient\mConstructClient.csproj", "{61CEFC32-6DB5-48DB-B6BC-00AE0F577A40}"
	ProjectSection(ProjectDependencies) = postProject
		{FA963826-EE15-4ED4-9B80-1B342732B299} = {FA963826-EE15-4ED4-9B80-1B342732B299}
	EndProjectSection
EndProject
Global
	GlobalSection(SolutionConfigurationPlatforms) = preSolution
		Debug|Any CPU = Debug|Any CPU
		Release|Any CPU = Release|Any CPU
	EndGlobalSection
	GlobalSection(ProjectConfigurationPlatforms) = postSolution
		{FA963826-EE15-4ED4-9B80-1B342732B299}.Debug|Any CPU.ActiveCfg = Debug|Any CPU
		{FA963826-EE15-4ED4-9B80-1B342732B299}.Debug|Any CPU.Build.0 = Debug|Any CPU
		{FA963826-EE15-4ED4-9B80-1B342732B299}.Release|Any CPU.ActiveCfg = Release|Any CPU
		{FA963826-EE15-4ED4-9B80-1B342732B299}.Release|Any CPU.Build.0 = Release|Any CPU
		{3F2E0B81-BC2B-4719-B715-4C0C6ACEAE28}.Debug|Any CPU.ActiveCfg = Debug|Any CPU
		{3F2E0B81-BC2B-4719-B715-4C0C6ACEAE28}.Debug|Any CPU.Build.0 = Debug|Any CPU
		{3F2E0B81-BC2B-4719-B715-4C0C6ACEAE28}.Release|Any CPU.ActiveCfg = Release|Any CPU
		{3F2E0B81-BC2B-4719-B715-4C0C6ACEAE28}.Release|Any CPU.Build.0 = Release|Any CPU
		{61CEFC32-6DB5-48DB-B6BC-00AE0F577A40}.Debug|Any CPU.ActiveCfg = Debug|Any CPU
		{61CEFC32-6DB5-48DB-B6BC-00AE0F577A40}.Debug|Any CPU.Build.0 = Debug|Any CPU
		{61CEFC32-6DB5-48DB-B6BC-00AE0F577A40}.Release|Any CPU.ActiveCfg = Release|Any CPU
		{61CEFC32-6DB5-48DB-B6BC-00AE0F577A40}.Release|Any CPU.Build.0 = Release|Any CPU
	EndGlobalSection
	GlobalSection(SolutionProperties) = preSolution
		HideSolutionNode = FALSE
	EndGlobalSection
	GlobalSection(ExtensibilityGlobals) = postSolution
		SolutionGuid = {8904EFD3-3144-4749-BCCA-5E610FA536C0}
	EndGlobalSection
EndGlobal
